
Microsoft Visual Studio Solution File, Format Version 12.00
# Visual Studio Version 17
VisualStudioVersion = 17.2.32526.322
MinimumVisualStudioVersion = 10.0.40219.1
Project("{FAE04EC0-301F-11D3-BF4B-00C04F79EFBC}") = "QuanLyCuaHangSach", "QuanLyCuaHangSach\QuanLyCuaHangSach.csproj", "{1B42065D-97D8-4AC9-B93B-7B08C540C0A4}"
EndProject
Global
	GlobalSection(SolutionConfigurationPlatforms) = preSolution
		Debug|Any CPU = Debug|Any CPU
		Release|Any CPU = Release|Any CPU
	EndGlobalSection
	GlobalSection(ProjectConfigurationPlatforms) = postSolution
		{1B42065D-97D8-4AC9-B93B-7B08C540C0A4}.Debug|Any CPU.ActiveCfg = Debug|Any CPU
		{1B42065D-97D8-4AC9-B93B-7B08C540C0A4}.Debug|Any CPU.Build.0 = Debug|Any CPU
		{1B42065D-97D8-4AC9-B93B-7B08C540C0A4}.Release|Any CPU.ActiveCfg = Release|Any CPU
		{1B42065D-97D8-4AC9-B93B-7B08C540C0A4}.Release|Any CPU.Build.0 = Release|Any CPU
	EndGlobalSection
	GlobalSection(SolutionProperties) = preSolution
		HideSolutionNode = FALSE
	EndGlobalSection
	GlobalSection(ExtensibilityGlobals) = postSolution
		SolutionGuid = {85CA6542-D969-4B9A-B46F-563328DE29E7}
	EndGlobalSection
EndGlobal
